
Microsoft Visual Studio Solution File, Format Version 12.00
# Visual Studio Version 16
VisualStudioVersion = 16.0.30907.101
MinimumVisualStudioVersion = 10.0.40219.1
Project("{FAE04EC0-301F-11D3-BF4B-00C04F79EFBC}") = "HttpClientFactoryDemo", "HttpClientFactoryDemo.csproj", "{93268CF5-8BD6-4366-A314-949FA05A5935}"
EndProject
Global
	GlobalSection(SolutionConfigurationPlatforms) = preSolution
		Debug|Any CPU = Debug|Any CPU
		Release|Any CPU = Release|Any CPU
	EndGlobalSection
	GlobalSection(ProjectConfigurationPlatforms) = postSolution
		{93268CF5-8BD6-4366-A314-949FA05A5935}.Debug|Any CPU.ActiveCfg = Debug|Any CPU
		{93268CF5-8BD6-4366-A314-949FA05A5935}.Debug|Any CPU.Build.0 = Debug|Any CPU
		{93268CF5-8BD6-4366-A314-949FA05A5935}.Release|Any CPU.ActiveCfg = Release|Any CPU
		{93268CF5-8BD6-4366-A314-949FA05A5935}.Release|Any CPU.Build.0 = Release|Any CPU
	EndGlobalSection
	GlobalSection(SolutionProperties) = preSolution
		HideSolutionNode = FALSE
	EndGlobalSection
	GlobalSection(ExtensibilityGlobals) = postSolution
		SolutionGuid = {4EE70003-1BFC-49BC-93D1-C08F1C13F9E9}
	EndGlobalSection
EndGlobal
